
Microsoft Visual Studio Solution File, Format Version 12.00
# Visual Studio Version 17
VisualStudioVersion = 17.5.33516.290
MinimumVisualStudioVersion = 10.0.40219.1
Project("{FAE04EC0-301F-11D3-BF4B-00C04F79EFBC}") = "CityInfo.API", "CityInfo.API\CityInfo.API.csproj", "{338AA155-A95A-405F-932D-77B821392AED}"
EndProject
Global
	GlobalSection(SolutionConfigurationPlatforms) = preSolution
		Debug|Any CPU = Debug|Any CPU
		Release|Any CPU = Release|Any CPU
	EndGlobalSection
	GlobalSection(ProjectConfigurationPlatforms) = postSolution
		{338AA155-A95A-405F-932D-77B821392AED}.Debug|Any CPU.ActiveCfg = Debug|Any CPU
		{338AA155-A95A-405F-932D-77B821392AED}.Debug|Any CPU.Build.0 = Debug|Any CPU
		{338AA155-A95A-405F-932D-77B821392AED}.Release|Any CPU.ActiveCfg = Release|Any CPU
		{338AA155-A95A-405F-932D-77B821392AED}.Release|Any CPU.Build.0 = Release|Any CPU
	EndGlobalSection
	GlobalSection(SolutionProperties) = preSolution
		HideSolutionNode = FALSE
	EndGlobalSection
	GlobalSection(ExtensibilityGlobals) = postSolution
		SolutionGuid = {17E22774-81E3-4FEA-BAC2-5303030BAF43}
	EndGlobalSection
EndGlobal
